
Microsoft Visual Studio Solution File, Format Version 12.00
# Visual Studio Version 16
VisualStudioVersion = 16.0.29318.209
MinimumVisualStudioVersion = 10.0.40219.1
Project("{9A19103F-16F7-4668-BE54-9A1E7A4F7556}") = "Application.Api", "Application.Api\Application.Api.csproj", "{A613E2CC-63FB-4D93-B814-FF3F6DC944A6}"
EndProject
Project("{2150E333-8FDC-42A3-9474-1A3956D46DE8}") = "BusinessLogicLayer", "BusinessLogicLayer", "{A6EB638A-71D4-4908-AB24-A8E052B51218}"
EndProject
Project("{2150E333-8FDC-42A3-9474-1A3956D46DE8}") = "DataAccessLayer", "DataAccessLayer", "{EB62563D-D23F-4366-A117-84CC9D2E2CC1}"
EndProject
Project("{9A19103F-16F7-4668-BE54-9A1E7A4F7556}") = "Application.Business", "Application.Managers\Application.Business.csproj", "{F6E9A1F3-4452-4498-8D39-C79E3B3D7680}"
EndProject
Project("{9A19103F-16F7-4668-BE54-9A1E7A4F7556}") = "Application.DAL", "Application.DA\Application.DAL.csproj", "{2ED561C5-4519-4D43-BE2D-68F874EDA21D}"
EndProject
Global
	GlobalSection(SolutionConfigurationPlatforms) = preSolution
		Debug|Any CPU = Debug|Any CPU
		Release|Any CPU = Release|Any CPU
	EndGlobalSection
	GlobalSection(ProjectConfigurationPlatforms) = postSolution
		{A613E2CC-63FB-4D93-B814-FF3F6DC944A6}.Debug|Any CPU.ActiveCfg = Debug|Any CPU
		{A613E2CC-63FB-4D93-B814-FF3F6DC944A6}.Debug|Any CPU.Build.0 = Debug|Any CPU
		{A613E2CC-63FB-4D93-B814-FF3F6DC944A6}.Release|Any CPU.ActiveCfg = Release|Any CPU
		{A613E2CC-63FB-4D93-B814-FF3F6DC944A6}.Release|Any CPU.Build.0 = Release|Any CPU
		{F6E9A1F3-4452-4498-8D39-C79E3B3D7680}.Debug|Any CPU.ActiveCfg = Debug|Any CPU
		{F6E9A1F3-4452-4498-8D39-C79E3B3D7680}.Debug|Any CPU.Build.0 = Debug|Any CPU
		{F6E9A1F3-4452-4498-8D39-C79E3B3D7680}.Release|Any CPU.ActiveCfg = Release|Any CPU
		{F6E9A1F3-4452-4498-8D39-C79E3B3D7680}.Release|Any CPU.Build.0 = Release|Any CPU
		{2ED561C5-4519-4D43-BE2D-68F874EDA21D}.Debug|Any CPU.ActiveCfg = Debug|Any CPU
		{2ED561C5-4519-4D43-BE2D-68F874EDA21D}.Debug|Any CPU.Build.0 = Debug|Any CPU
		{2ED561C5-4519-4D43-BE2D-68F874EDA21D}.Release|Any CPU.ActiveCfg = Release|Any CPU
		{2ED561C5-4519-4D43-BE2D-68F874EDA21D}.Release|Any CPU.Build.0 = Release|Any CPU
	EndGlobalSection
	GlobalSection(SolutionProperties) = preSolution
		HideSolutionNode = FALSE
	EndGlobalSection
	GlobalSection(NestedProjects) = preSolution
		{F6E9A1F3-4452-4498-8D39-C79E3B3D7680} = {A6EB638A-71D4-4908-AB24-A8E052B51218}
		{2ED561C5-4519-4D43-BE2D-68F874EDA21D} = {EB62563D-D23F-4366-A117-84CC9D2E2CC1}
	EndGlobalSection
	GlobalSection(ExtensibilityGlobals) = postSolution
		SolutionGuid = {95E6A5B6-A15C-4F37-913A-6D6C0FE0F923}
	EndGlobalSection
EndGlobal
